github.com/AVM-tiket/AVM-LAB-GOMOD/a v1.2.0 h1:9snavVsFhSxt6ct8YVlIi3MTJqWGJSFVMOeCT4s0VCM=
github.com/AVM-tiket/AVM-LAB-GOMOD/a v1.2.0/go.mod h1:jIRh497t/jOzMQCCXZlDbbAKBKodjH5jkpsWdDpWhnY=
github.com/AVM-tiket/AVM-LAB-GOMOD/b/v2 v2.1.0 h1:InyTPW5f2FpUAMzZT0ofCyyNNzarUe6CmIP0Yej25eg=
github.com/AVM-tiket/AVM-LAB-GOMOD/b/v2 v2.1.0/go.mod h1:9yh0hlnv3t16Nf2/ylcOvkxZ+Mx+obyhWYvy9pWEEPc=
github.com/AVM-tiket/AVM-LAB-GOMOD/pkg/c v1.1.0 h1:07Y8Zxa+4YjLyMCF+xkcYLw21MLw5P7Z3/ZO7Fuwjhg=
github.com/AVM-tiket/AVM-LAB-GOMOD/pkg/c v1.1.0/go.mod h1:8nCKqkt6Eop+Ks/30r36S0pvT7qM4AQBAoiCvDwhaxE=
