github.com/AVM-tiket/AVM-LAB-GOMOD/a v1.2.0 h1:9snavVsFhSxt6ct8YVlIi3MTJqWGJSFVMOeCT4s0VCM=
github.com/AVM-tiket/AVM-LAB-GOMOD/a v1.2.0/go.mod h1:jIRh497t/jOzMQCCXZlDbbAKBKodjH5jkpsWdDpWhnY=
github.com/AVM-tiket/AVM-LAB-GOMOD/nogosum v0.0.0-20250527094619-ffe1d8e63f87 h1:XbvQr/vB99xj2sUXdhuB156Bm1XeEVJQEnOkZ4EuPdM=
github.com/AVM-tiket/AVM-LAB-GOMOD/nogosum v0.0.0-20250527094619-ffe1d8e63f87/go.mod h1:zKHnzzxFNtHTtXyg/ruYO88WydKis11roPu2tGKNhMk=
